
Microsoft Visual Studio Solution File, Format Version 12.00
# Visual Studio Version 17
VisualStudioVersion = 17.9.34607.119
MinimumVisualStudioVersion = 10.0.40219.1
Project("{9A19103F-16F7-4668-BE54-9A1E7A4F7556}") = "6 soft 3 all_calc", "6 soft 3 all_calc\6 soft 3 all_calc.csproj", "{DC5A3D4B-54A9-4E5F-BC7D-ED89A8315F48}"
EndProject
Project("{54435603-DBB4-11D2-8724-00A0C9A8B90C}") = "Universal calculator", "Universal calculator\Universal calculator.vdproj", "{2AB974B5-8946-4F68-B66C-4E1B9F3F842D}"
EndProject
Global
	GlobalSection(SolutionConfigurationPlatforms) = preSolution
		Debug|Any CPU = Debug|Any CPU
		Release|Any CPU = Release|Any CPU
	EndGlobalSection
	GlobalSection(ProjectConfigurationPlatforms) = postSolution
		{DC5A3D4B-54A9-4E5F-BC7D-ED89A8315F48}.Debug|Any CPU.ActiveCfg = Debug|Any CPU
		{DC5A3D4B-54A9-4E5F-BC7D-ED89A8315F48}.Debug|Any CPU.Build.0 = Debug|Any CPU
		{DC5A3D4B-54A9-4E5F-BC7D-ED89A8315F48}.Release|Any CPU.ActiveCfg = Release|Any CPU
		{DC5A3D4B-54A9-4E5F-BC7D-ED89A8315F48}.Release|Any CPU.Build.0 = Release|Any CPU
		{2AB974B5-8946-4F68-B66C-4E1B9F3F842D}.Debug|Any CPU.ActiveCfg = Debug
		{2AB974B5-8946-4F68-B66C-4E1B9F3F842D}.Release|Any CPU.ActiveCfg = Release
	EndGlobalSection
	GlobalSection(SolutionProperties) = preSolution
		HideSolutionNode = FALSE
	EndGlobalSection
	GlobalSection(ExtensibilityGlobals) = postSolution
		SolutionGuid = {CB53F9DE-8351-45A7-936B-F5C9CCBD61B9}
	EndGlobalSection
EndGlobal
